
Microsoft Visual Studio Solution File, Format Version 12.00
# Visual Studio Version 17
VisualStudioVersion = 17.1.32414.318
MinimumVisualStudioVersion = 10.0.40219.1
Project("{FAE04EC0-301F-11D3-BF4B-00C04F79EFBC}") = "UC1_and_UC5_Calculating_For_Fare_Rides(Bonus)", "UC1_and_UC5_Calculating_For_Fare_Rides(Bonus).csproj", "{4FC48C8A-8A96-42D7-B432-24D561926C5D}"
EndProject
Project("{FAE04EC0-301F-11D3-BF4B-00C04F79EFBC}") = "TestProject2", "..\TestProject2\TestProject2.csproj", "{ED2AE6BA-AC11-4747-B653-F5357EBFA052}"
EndProject
Project("{FAE04EC0-301F-11D3-BF4B-00C04F79EFBC}") = "UC2-andUC3-Multiple_Rides", "..\UC2-andUC3-Multiple_Rides\UC2-andUC3-Multiple_Rides.csproj", "{7CD4400C-090F-4314-AF52-8A8BDB08367A}"
EndProject
Project("{FAE04EC0-301F-11D3-BF4B-00C04F79EFBC}") = "TestProject3", "..\TestProject3\TestProject3.csproj", "{B0B44E11-9DAB-49C2-8881-E2BF3D6751FA}"
EndProject
Project("{FAE04EC0-301F-11D3-BF4B-00C04F79EFBC}") = "UC4_Ride_Repository", "..\UC4_Ride_Repository\UC4_Ride_Repository.csproj", "{E644B768-9776-40B5-9D7D-C3627F34959B}"
EndProject
Project("{FAE04EC0-301F-11D3-BF4B-00C04F79EFBC}") = "TestProject4", "..\TestProject4\TestProject4.csproj", "{04F075D2-E774-41B4-871D-11380C37ED96}"
EndProject
Global
	GlobalSection(SolutionConfigurationPlatforms) = preSolution
		Debug|Any CPU = Debug|Any CPU
		Release|Any CPU = Release|Any CPU
	EndGlobalSection
	GlobalSection(ProjectConfigurationPlatforms) = postSolution
		{4FC48C8A-8A96-42D7-B432-24D561926C5D}.Debug|Any CPU.ActiveCfg = Debug|Any CPU
		{4FC48C8A-8A96-42D7-B432-24D561926C5D}.Debug|Any CPU.Build.0 = Debug|Any CPU
		{4FC48C8A-8A96-42D7-B432-24D561926C5D}.Release|Any CPU.ActiveCfg = Release|Any CPU
		{4FC48C8A-8A96-42D7-B432-24D561926C5D}.Release|Any CPU.Build.0 = Release|Any CPU
		{ED2AE6BA-AC11-4747-B653-F5357EBFA052}.Debug|Any CPU.ActiveCfg = Debug|Any CPU
		{ED2AE6BA-AC11-4747-B653-F5357EBFA052}.Debug|Any CPU.Build.0 = Debug|Any CPU
		{ED2AE6BA-AC11-4747-B653-F5357EBFA052}.Release|Any CPU.ActiveCfg = Release|Any CPU
		{ED2AE6BA-AC11-4747-B653-F5357EBFA052}.Release|Any CPU.Build.0 = Release|Any CPU
		{7CD4400C-090F-4314-AF52-8A8BDB08367A}.Debug|Any CPU.ActiveCfg = Debug|Any CPU
		{7CD4400C-090F-4314-AF52-8A8BDB08367A}.Debug|Any CPU.Build.0 = Debug|Any CPU
		{7CD4400C-090F-4314-AF52-8A8BDB08367A}.Release|Any CPU.ActiveCfg = Release|Any CPU
		{7CD4400C-090F-4314-AF52-8A8BDB08367A}.Release|Any CPU.Build.0 = Release|Any CPU
		{B0B44E11-9DAB-49C2-8881-E2BF3D6751FA}.Debug|Any CPU.ActiveCfg = Debug|Any CPU
		{B0B44E11-9DAB-49C2-8881-E2BF3D6751FA}.Debug|Any CPU.Build.0 = Debug|Any CPU
		{B0B44E11-9DAB-49C2-8881-E2BF3D6751FA}.Release|Any CPU.ActiveCfg = Release|Any CPU
		{B0B44E11-9DAB-49C2-8881-E2BF3D6751FA}.Release|Any CPU.Build.0 = Release|Any CPU
		{E644B768-9776-40B5-9D7D-C3627F34959B}.Debug|Any CPU.ActiveCfg = Debug|Any CPU
		{E644B768-9776-40B5-9D7D-C3627F34959B}.Debug|Any CPU.Build.0 = Debug|Any CPU
		{E644B768-9776-40B5-9D7D-C3627F34959B}.Release|Any CPU.ActiveCfg = Release|Any CPU
		{E644B768-9776-40B5-9D7D-C3627F34959B}.Release|Any CPU.Build.0 = Release|Any CPU
		{04F075D2-E774-41B4-871D-11380C37ED96}.Debug|Any CPU.ActiveCfg = Debug|Any CPU
		{04F075D2-E774-41B4-871D-11380C37ED96}.Debug|Any CPU.Build.0 = Debug|Any CPU
		{04F075D2-E774-41B4-871D-11380C37ED96}.Release|Any CPU.ActiveCfg = Release|Any CPU
		{04F075D2-E774-41B4-871D-11380C37ED96}.Release|Any CPU.Build.0 = Release|Any CPU
	EndGlobalSection
	GlobalSection(SolutionProperties) = preSolution
		HideSolutionNode = FALSE
	EndGlobalSection
	GlobalSection(ExtensibilityGlobals) = postSolution
		SolutionGuid = {580C1FE3-87B8-4943-929E-BD3F9D9425F7}
	EndGlobalSection
EndGlobal
